
Microsoft Visual Studio Solution File, Format Version 12.00
# Visual Studio Version 16
VisualStudioVersion = 16.0.31025.194
MinimumVisualStudioVersion = 10.0.40219.1
Project("{FAE04EC0-301F-11D3-BF4B-00C04F79EFBC}") = "第九次作业", "第九次作业\第九次作业.csproj", "{9438EFA2-FCDD-403A-B3CB-030E53ED86FA}"
EndProject
Global
	GlobalSection(SolutionConfigurationPlatforms) = preSolution
		Debug|Any CPU = Debug|Any CPU
		Release|Any CPU = Release|Any CPU
	EndGlobalSection
	GlobalSection(ProjectConfigurationPlatforms) = postSolution
		{9438EFA2-FCDD-403A-B3CB-030E53ED86FA}.Debug|Any CPU.ActiveCfg = Debug|Any CPU
		{9438EFA2-FCDD-403A-B3CB-030E53ED86FA}.Debug|Any CPU.Build.0 = Debug|Any CPU
		{9438EFA2-FCDD-403A-B3CB-030E53ED86FA}.Release|Any CPU.ActiveCfg = Release|Any CPU
		{9438EFA2-FCDD-403A-B3CB-030E53ED86FA}.Release|Any CPU.Build.0 = Release|Any CPU
	EndGlobalSection
	GlobalSection(SolutionProperties) = preSolution
		HideSolutionNode = FALSE
	EndGlobalSection
	GlobalSection(ExtensibilityGlobals) = postSolution
		SolutionGuid = {45126F39-15C4-4512-830C-1C923CFAC4F4}
	EndGlobalSection
EndGlobal
