
Microsoft Visual Studio Solution File, Format Version 12.00
# Visual Studio Version 16
VisualStudioVersion = 16.0.31025.194
MinimumVisualStudioVersion = 10.0.40219.1
Project("{FAE04EC0-301F-11D3-BF4B-00C04F79EFBC}") = "WebApplication1", "WebApplication1\WebApplication1.csproj", "{B80EC41A-F76C-4B62-B24E-3A42431E5199}"
EndProject
Global
	GlobalSection(SolutionConfigurationPlatforms) = preSolution
		Debug|Any CPU = Debug|Any CPU
		Release|Any CPU = Release|Any CPU
	EndGlobalSection
	GlobalSection(ProjectConfigurationPlatforms) = postSolution
		{B80EC41A-F76C-4B62-B24E-3A42431E5199}.Debug|Any CPU.ActiveCfg = Debug|Any CPU
		{B80EC41A-F76C-4B62-B24E-3A42431E5199}.Debug|Any CPU.Build.0 = Debug|Any CPU
		{B80EC41A-F76C-4B62-B24E-3A42431E5199}.Release|Any CPU.ActiveCfg = Release|Any CPU
		{B80EC41A-F76C-4B62-B24E-3A42431E5199}.Release|Any CPU.Build.0 = Release|Any CPU
	EndGlobalSection
	GlobalSection(SolutionProperties) = preSolution
		HideSolutionNode = FALSE
	EndGlobalSection
	GlobalSection(ExtensibilityGlobals) = postSolution
		SolutionGuid = {EAF1ED29-4888-422B-8E6F-9AB7B24EC06B}
	EndGlobalSection
EndGlobal
