
Microsoft Visual Studio Solution File, Format Version 12.00
# Visual Studio Version 16
VisualStudioVersion = 16.0.31025.194
MinimumVisualStudioVersion = 10.0.40219.1
Project("{FAE04EC0-301F-11D3-BF4B-00C04F79EFBC}") = "calculator", "calculator\calculator.csproj", "{D525D068-3164-46C2-8D8B-11333184A6FE}"
EndProject
Global
	GlobalSection(SolutionConfigurationPlatforms) = preSolution
		Debug|Any CPU = Debug|Any CPU
		Release|Any CPU = Release|Any CPU
	EndGlobalSection
	GlobalSection(ProjectConfigurationPlatforms) = postSolution
		{D525D068-3164-46C2-8D8B-11333184A6FE}.Debug|Any CPU.ActiveCfg = Debug|Any CPU
		{D525D068-3164-46C2-8D8B-11333184A6FE}.Debug|Any CPU.Build.0 = Debug|Any CPU
		{D525D068-3164-46C2-8D8B-11333184A6FE}.Release|Any CPU.ActiveCfg = Release|Any CPU
		{D525D068-3164-46C2-8D8B-11333184A6FE}.Release|Any CPU.Build.0 = Release|Any CPU
	EndGlobalSection
	GlobalSection(SolutionProperties) = preSolution
		HideSolutionNode = FALSE
	EndGlobalSection
	GlobalSection(ExtensibilityGlobals) = postSolution
		SolutionGuid = {7FB9EC28-4FE4-4844-81CD-649DD90C6F46}
	EndGlobalSection
EndGlobal
